
Microsoft Visual Studio Solution File, Format Version 12.00
# Visual Studio Version 16
VisualStudioVersion = 16.0.30907.101
MinimumVisualStudioVersion = 10.0.40219.1
Project("{9A19103F-16F7-4668-BE54-9A1E7A4F7556}") = "DataAccess", "DataAccess\DataAccess.csproj", "{A96CF2F0-2A64-4F6E-960F-182386E68DC3}"
EndProject
Project("{9A19103F-16F7-4668-BE54-9A1E7A4F7556}") = "Business", "Business\Business.csproj", "{E0DFA076-E7E4-4B2E-96D3-4ED86BD3BE59}"
EndProject
Project("{9A19103F-16F7-4668-BE54-9A1E7A4F7556}") = "Entities", "Entities\Entities.csproj", "{2F871D18-882E-419B-A7A1-A0771762E274}"
EndProject
Project("{9A19103F-16F7-4668-BE54-9A1E7A4F7556}") = "ConsoleUI", "ConsoleUI\ConsoleUI.csproj", "{AA95685D-420C-49BE-8DFE-A32043C8E2F2}"
EndProject
Project("{9A19103F-16F7-4668-BE54-9A1E7A4F7556}") = "Core", "Core\Core.csproj", "{FC0ECD4B-DAB0-4D5E-975C-E66D8E757149}"
EndProject
Project("{FAE04EC0-301F-11D3-BF4B-00C04F79EFBC}") = "WebAPI", "WebAPI\WebAPI.csproj", "{6C2C449E-D0B7-4EDC-8609-F0F05FE5828A}"
EndProject
Global
	GlobalSection(SolutionConfigurationPlatforms) = preSolution
		Debug|Any CPU = Debug|Any CPU
		Release|Any CPU = Release|Any CPU
	EndGlobalSection
	GlobalSection(ProjectConfigurationPlatforms) = postSolution
		{A96CF2F0-2A64-4F6E-960F-182386E68DC3}.Debug|Any CPU.ActiveCfg = Debug|Any CPU
		{A96CF2F0-2A64-4F6E-960F-182386E68DC3}.Debug|Any CPU.Build.0 = Debug|Any CPU
		{A96CF2F0-2A64-4F6E-960F-182386E68DC3}.Release|Any CPU.ActiveCfg = Release|Any CPU
		{A96CF2F0-2A64-4F6E-960F-182386E68DC3}.Release|Any CPU.Build.0 = Release|Any CPU
		{E0DFA076-E7E4-4B2E-96D3-4ED86BD3BE59}.Debug|Any CPU.ActiveCfg = Debug|Any CPU
		{E0DFA076-E7E4-4B2E-96D3-4ED86BD3BE59}.Debug|Any CPU.Build.0 = Debug|Any CPU
		{E0DFA076-E7E4-4B2E-96D3-4ED86BD3BE59}.Release|Any CPU.ActiveCfg = Release|Any CPU
		{E0DFA076-E7E4-4B2E-96D3-4ED86BD3BE59}.Release|Any CPU.Build.0 = Release|Any CPU
		{2F871D18-882E-419B-A7A1-A0771762E274}.Debug|Any CPU.ActiveCfg = Debug|Any CPU
		{2F871D18-882E-419B-A7A1-A0771762E274}.Debug|Any CPU.Build.0 = Debug|Any CPU
		{2F871D18-882E-419B-A7A1-A0771762E274}.Release|Any CPU.ActiveCfg = Release|Any CPU
		{2F871D18-882E-419B-A7A1-A0771762E274}.Release|Any CPU.Build.0 = Release|Any CPU
		{AA95685D-420C-49BE-8DFE-A32043C8E2F2}.Debug|Any CPU.ActiveCfg = Debug|Any CPU
		{AA95685D-420C-49BE-8DFE-A32043C8E2F2}.Debug|Any CPU.Build.0 = Debug|Any CPU
		{AA95685D-420C-49BE-8DFE-A32043C8E2F2}.Release|Any CPU.ActiveCfg = Release|Any CPU
		{AA95685D-420C-49BE-8DFE-A32043C8E2F2}.Release|Any CPU.Build.0 = Release|Any CPU
		{FC0ECD4B-DAB0-4D5E-975C-E66D8E757149}.Debug|Any CPU.ActiveCfg = Debug|Any CPU
		{FC0ECD4B-DAB0-4D5E-975C-E66D8E757149}.Debug|Any CPU.Build.0 = Debug|Any CPU
		{FC0ECD4B-DAB0-4D5E-975C-E66D8E757149}.Release|Any CPU.ActiveCfg = Release|Any CPU
		{FC0ECD4B-DAB0-4D5E-975C-E66D8E757149}.Release|Any CPU.Build.0 = Release|Any CPU
		{6C2C449E-D0B7-4EDC-8609-F0F05FE5828A}.Debug|Any CPU.ActiveCfg = Debug|Any CPU
		{6C2C449E-D0B7-4EDC-8609-F0F05FE5828A}.Debug|Any CPU.Build.0 = Debug|Any CPU
		{6C2C449E-D0B7-4EDC-8609-F0F05FE5828A}.Release|Any CPU.ActiveCfg = Release|Any CPU
		{6C2C449E-D0B7-4EDC-8609-F0F05FE5828A}.Release|Any CPU.Build.0 = Release|Any CPU
	EndGlobalSection
	GlobalSection(SolutionProperties) = preSolution
		HideSolutionNode = FALSE
	EndGlobalSection
	GlobalSection(ExtensibilityGlobals) = postSolution
		SolutionGuid = {8760DF7E-8DD0-4399-BE26-AE3F790A057C}
	EndGlobalSection
EndGlobal
